
Microsoft Visual Studio Solution File, Format Version 12.00
# Visual Studio Version 17
VisualStudioVersion = 17.3.32825.248
MinimumVisualStudioVersion = 10.0.40219.1
Project("{FAE04EC0-301F-11D3-BF4B-00C04F79EFBC}") = "GraphColoring", "GraphColoring\GraphColoring.csproj", "{48064AC8-591B-401D-AC46-9EF23882BA0A}"
EndProject
Global
	GlobalSection(SolutionConfigurationPlatforms) = preSolution
		Debug|Any CPU = Debug|Any CPU
		Release|Any CPU = Release|Any CPU
	EndGlobalSection
	GlobalSection(ProjectConfigurationPlatforms) = postSolution
		{48064AC8-591B-401D-AC46-9EF23882BA0A}.Debug|Any CPU.ActiveCfg = Debug|Any CPU
		{48064AC8-591B-401D-AC46-9EF23882BA0A}.Debug|Any CPU.Build.0 = Debug|Any CPU
		{48064AC8-591B-401D-AC46-9EF23882BA0A}.Release|Any CPU.ActiveCfg = Release|Any CPU
		{48064AC8-591B-401D-AC46-9EF23882BA0A}.Release|Any CPU.Build.0 = Release|Any CPU
	EndGlobalSection
	GlobalSection(SolutionProperties) = preSolution
		HideSolutionNode = FALSE
	EndGlobalSection
	GlobalSection(ExtensibilityGlobals) = postSolution
		SolutionGuid = {BEB3B3AB-B4C1-40D2-AF38-1CABA69700BC}
	EndGlobalSection
EndGlobal
